
Microsoft Visual Studio Solution File, Format Version 12.00
# Visual Studio Version 16
VisualStudioVersion = 16.0.30523.141
MinimumVisualStudioVersion = 10.0.40219.1
Project("{9A19103F-16F7-4668-BE54-9A1E7A4F7556}") = "XiangJiang.Logging.Windows.EventLog", "XiangJiang.Logging.EventLog\XiangJiang.Logging.Windows.EventLog.csproj", "{2C8B5060-8A4B-45EF-87C5-A61ADB97C945}"
EndProject
Project("{9A19103F-16F7-4668-BE54-9A1E7A4F7556}") = "XiangJiang.Logging.Windows.EventLogTests", "XiangJiang.Logging.EventLogTests\XiangJiang.Logging.Windows.EventLogTests.csproj", "{B2C3C315-93C3-4FF9-9ED0-C5591259948E}"
EndProject
Global
	GlobalSection(SolutionConfigurationPlatforms) = preSolution
		Debug|Any CPU = Debug|Any CPU
		Release|Any CPU = Release|Any CPU
	EndGlobalSection
	GlobalSection(ProjectConfigurationPlatforms) = postSolution
		{2C8B5060-8A4B-45EF-87C5-A61ADB97C945}.Debug|Any CPU.ActiveCfg = Debug|Any CPU
		{2C8B5060-8A4B-45EF-87C5-A61ADB97C945}.Debug|Any CPU.Build.0 = Debug|Any CPU
		{2C8B5060-8A4B-45EF-87C5-A61ADB97C945}.Release|Any CPU.ActiveCfg = Release|Any CPU
		{2C8B5060-8A4B-45EF-87C5-A61ADB97C945}.Release|Any CPU.Build.0 = Release|Any CPU
		{B2C3C315-93C3-4FF9-9ED0-C5591259948E}.Debug|Any CPU.ActiveCfg = Debug|Any CPU
		{B2C3C315-93C3-4FF9-9ED0-C5591259948E}.Debug|Any CPU.Build.0 = Debug|Any CPU
		{B2C3C315-93C3-4FF9-9ED0-C5591259948E}.Release|Any CPU.ActiveCfg = Release|Any CPU
		{B2C3C315-93C3-4FF9-9ED0-C5591259948E}.Release|Any CPU.Build.0 = Release|Any CPU
	EndGlobalSection
	GlobalSection(SolutionProperties) = preSolution
		HideSolutionNode = FALSE
	EndGlobalSection
	GlobalSection(ExtensibilityGlobals) = postSolution
		SolutionGuid = {9D889F5F-1DAF-4752-965C-76279293AE44}
	EndGlobalSection
EndGlobal
